
Microsoft Visual Studio Solution File, Format Version 12.00
# Visual Studio Version 16
VisualStudioVersion = 16.0.30320.27
MinimumVisualStudioVersion = 10.0.40219.1
Project("{FAE04EC0-301F-11D3-BF4B-00C04F79EFBC}") = "SampleThrowException", "SampleThrowException.csproj", "{03CD706B-5D61-468A-B1F4-C47871859663}"
EndProject
Global
	GlobalSection(SolutionConfigurationPlatforms) = preSolution
		Debug|Any CPU = Debug|Any CPU
		Release|Any CPU = Release|Any CPU
	EndGlobalSection
	GlobalSection(ProjectConfigurationPlatforms) = postSolution
		{03CD706B-5D61-468A-B1F4-C47871859663}.Debug|Any CPU.ActiveCfg = Debug|Any CPU
		{03CD706B-5D61-468A-B1F4-C47871859663}.Debug|Any CPU.Build.0 = Debug|Any CPU
		{03CD706B-5D61-468A-B1F4-C47871859663}.Release|Any CPU.ActiveCfg = Release|Any CPU
		{03CD706B-5D61-468A-B1F4-C47871859663}.Release|Any CPU.Build.0 = Release|Any CPU
	EndGlobalSection
	GlobalSection(SolutionProperties) = preSolution
		HideSolutionNode = FALSE
	EndGlobalSection
	GlobalSection(ExtensibilityGlobals) = postSolution
		SolutionGuid = {F308D7B1-BF42-4BC4-8D35-A4A07729F310}
	EndGlobalSection
EndGlobal
